
Microsoft Visual Studio Solution File, Format Version 12.00
# Visual Studio Version 17
VisualStudioVersion = 17.8.34309.116
MinimumVisualStudioVersion = 10.0.40219.1
Project("{FAE04EC0-301F-11D3-BF4B-00C04F79EFBC}") = "PlanejamentoIntegrado", "PlanejamentoIntegrado.csproj", "{3E9FF096-DCCE-48C9-89D4-B93A7A4AECA9}"
EndProject
Project("{FAE04EC0-301F-11D3-BF4B-00C04F79EFBC}") = "PlanejamentoIntegrado.Tests", "..\PlanejamentoIntegrado.Tests\PlanejamentoIntegrado.Tests.csproj", "{3ABF9B30-E16D-4E9B-AF26-F1B0CFB2BB20}"
EndProject
Global
	GlobalSection(SolutionConfigurationPlatforms) = preSolution
		Debug|Any CPU = Debug|Any CPU
		Release|Any CPU = Release|Any CPU
	EndGlobalSection
	GlobalSection(ProjectConfigurationPlatforms) = postSolution
		{3E9FF096-DCCE-48C9-89D4-B93A7A4AECA9}.Debug|Any CPU.ActiveCfg = Debug|Any CPU
		{3E9FF096-DCCE-48C9-89D4-B93A7A4AECA9}.Debug|Any CPU.Build.0 = Debug|Any CPU
		{3E9FF096-DCCE-48C9-89D4-B93A7A4AECA9}.Release|Any CPU.ActiveCfg = Release|Any CPU
		{3E9FF096-DCCE-48C9-89D4-B93A7A4AECA9}.Release|Any CPU.Build.0 = Release|Any CPU
		{3ABF9B30-E16D-4E9B-AF26-F1B0CFB2BB20}.Debug|Any CPU.ActiveCfg = Debug|Any CPU
		{3ABF9B30-E16D-4E9B-AF26-F1B0CFB2BB20}.Debug|Any CPU.Build.0 = Debug|Any CPU
		{3ABF9B30-E16D-4E9B-AF26-F1B0CFB2BB20}.Release|Any CPU.ActiveCfg = Release|Any CPU
		{3ABF9B30-E16D-4E9B-AF26-F1B0CFB2BB20}.Release|Any CPU.Build.0 = Release|Any CPU
	EndGlobalSection
	GlobalSection(SolutionProperties) = preSolution
		HideSolutionNode = FALSE
	EndGlobalSection
	GlobalSection(ExtensibilityGlobals) = postSolution
		SolutionGuid = {A1A667C3-A680-480A-80A0-6A989B443E37}
	EndGlobalSection
EndGlobal
